
Microsoft Visual Studio Solution File, Format Version 12.00
# Visual Studio Version 16
VisualStudioVersion = 16.0.31729.503
MinimumVisualStudioVersion = 10.0.40219.1
Project("{FAE04EC0-301F-11D3-BF4B-00C04F79EFBC}") = "winmine", "winmine\winmine.csproj", "{ED4F7E54-0686-4DCD-A416-F68E4EF6E289}"
EndProject
Global
	GlobalSection(SolutionConfigurationPlatforms) = preSolution
		Debug|Any CPU = Debug|Any CPU
		Release|Any CPU = Release|Any CPU
	EndGlobalSection
	GlobalSection(ProjectConfigurationPlatforms) = postSolution
		{ED4F7E54-0686-4DCD-A416-F68E4EF6E289}.Debug|Any CPU.ActiveCfg = Debug|Any CPU
		{ED4F7E54-0686-4DCD-A416-F68E4EF6E289}.Debug|Any CPU.Build.0 = Debug|Any CPU
		{ED4F7E54-0686-4DCD-A416-F68E4EF6E289}.Release|Any CPU.ActiveCfg = Release|Any CPU
		{ED4F7E54-0686-4DCD-A416-F68E4EF6E289}.Release|Any CPU.Build.0 = Release|Any CPU
	EndGlobalSection
	GlobalSection(SolutionProperties) = preSolution
		HideSolutionNode = FALSE
	EndGlobalSection
	GlobalSection(ExtensibilityGlobals) = postSolution
		SolutionGuid = {6DA868D8-8F1B-47CD-ACBF-230212AAB397}
	EndGlobalSection
EndGlobal
